
Microsoft Visual Studio Solution File, Format Version 12.00
# Visual Studio Version 17
VisualStudioVersion = 17.11.35222.181
MinimumVisualStudioVersion = 10.0.40219.1
Project("{FAE04EC0-301F-11D3-BF4B-00C04F79EFBC}") = "WebApp", "WebApp\WebApp.csproj", "{9B0C42E1-2237-4BDA-B9B4-80310B7F4CF5}"
EndProject
Global
	GlobalSection(SolutionConfigurationPlatforms) = preSolution
		Debug|Any CPU = Debug|Any CPU
		Release|Any CPU = Release|Any CPU
	EndGlobalSection
	GlobalSection(ProjectConfigurationPlatforms) = postSolution
		{9B0C42E1-2237-4BDA-B9B4-80310B7F4CF5}.Debug|Any CPU.ActiveCfg = Debug|Any CPU
		{9B0C42E1-2237-4BDA-B9B4-80310B7F4CF5}.Debug|Any CPU.Build.0 = Debug|Any CPU
		{9B0C42E1-2237-4BDA-B9B4-80310B7F4CF5}.Release|Any CPU.ActiveCfg = Release|Any CPU
		{9B0C42E1-2237-4BDA-B9B4-80310B7F4CF5}.Release|Any CPU.Build.0 = Release|Any CPU
	EndGlobalSection
	GlobalSection(SolutionProperties) = preSolution
		HideSolutionNode = FALSE
	EndGlobalSection
	GlobalSection(ExtensibilityGlobals) = postSolution
		SolutionGuid = {877943FA-5594-42F3-AF12-6595F1B08FFD}
	EndGlobalSection
EndGlobal
